
Microsoft Visual Studio Solution File, Format Version 12.00
Project("{2150E333-8FDC-42A3-9474-1A3956D46DE8}") = "Proto", "Proto", "{81A2EE5C-5E71-49E8-8434-8EB784AE4468}"
	ProjectSection(SolutionItems) = preProject
		dummy.proto = dummy.proto
	EndProjectSection
EndProject
Project("{FAE04EC0-301F-11D3-BF4B-00C04F79EFBC}") = "Client", "Client\Client.csproj", "{47DAF186-CFD9-4732-86D6-2C6F12B45230}"
EndProject
Project("{FAE04EC0-301F-11D3-BF4B-00C04F79EFBC}") = "Server", "Server\Server.csproj", "{986AE2EA-3A24-46B2-9CCD-4DEA4A47C532}"
EndProject
Global
	GlobalSection(SolutionConfigurationPlatforms) = preSolution
		Debug|Any CPU = Debug|Any CPU
		Release|Any CPU = Release|Any CPU
	EndGlobalSection
	GlobalSection(ProjectConfigurationPlatforms) = postSolution
		{47DAF186-CFD9-4732-86D6-2C6F12B45230}.Debug|Any CPU.ActiveCfg = Debug|Any CPU
		{47DAF186-CFD9-4732-86D6-2C6F12B45230}.Debug|Any CPU.Build.0 = Debug|Any CPU
		{47DAF186-CFD9-4732-86D6-2C6F12B45230}.Release|Any CPU.ActiveCfg = Release|Any CPU
		{47DAF186-CFD9-4732-86D6-2C6F12B45230}.Release|Any CPU.Build.0 = Release|Any CPU
		{986AE2EA-3A24-46B2-9CCD-4DEA4A47C532}.Debug|Any CPU.ActiveCfg = Debug|Any CPU
		{986AE2EA-3A24-46B2-9CCD-4DEA4A47C532}.Debug|Any CPU.Build.0 = Debug|Any CPU
		{986AE2EA-3A24-46B2-9CCD-4DEA4A47C532}.Release|Any CPU.ActiveCfg = Release|Any CPU
		{986AE2EA-3A24-46B2-9CCD-4DEA4A47C532}.Release|Any CPU.Build.0 = Release|Any CPU
	EndGlobalSection
EndGlobal
